// !$*UTF8*$!
{
	archiveVersion = 1;
	classes = {
	};
	objectVersion = 46;
	objects = {

/* Begin PBXBuildFile section */
		0695EA51479D64A7FEBADB7D /* libPods-LABTestUnitTests.a in Frameworks */ = {isa = PBXBuildFile; fileRef = 93591CB1D9E4926389AF6A41 /* libPods-LABTestUnitTests.a */; };
		3BD32C368020E6FAE997246F /* libPods-LABTestUnit.a in Frameworks */ = {isa = PBXBuildFile; fileRef = 38B48363E303B36B9F3B586E /* libPods-LABTestUnit.a */; };
		6B52DEF21F5C5E9200555F61 /* CalculatoBusinessSpec.m in Sources */ = {isa = PBXBuildFile; fileRef = 6B52DEF11F5C5E9200555F61 /* CalculatoBusinessSpec.m */; };
		6B85FE0F1F5C5CD10045D979 /* CalculatorBusiness.m in Sources */ = {isa = PBXBuildFile; fileRef = 6B85FE0E1F5C5CD10045D979 /* CalculatorBusiness.m */; };
		6BA6004C1F586A0F00FBA46F /* main.m in Sources */ = {isa = PBXBuildFile; fileRef = 6BA6004B1F586A0F00FBA46F /* main.m */; };
		6BA6004F1F586A0F00FBA46F /* AppDelegate.m in Sources */ = {isa = PBXBuildFile; fileRef = 6BA6004E1F586A0F00FBA46F /* AppDelegate.m */; };
		6BA600521F586A0F00FBA46F /* ViewController.m in Sources */ = {isa = PBXBuildFile; fileRef = 6BA600511F586A0F00FBA46F /* ViewController.m */; };
		6BA600551F586A0F00FBA46F /* Main.storyboard in Resources */ = {isa = PBXBuildFile; fileRef = 6BA600531F586A0F00FBA46F /* Main.storyboard */; };
		6BA600571F586A0F00FBA46F /* Assets.xcassets in Resources */ = {isa = PBXBuildFile; fileRef = 6BA600561F586A0F00FBA46F /* Assets.xcassets */; };
		6BA6005A1F586A0F00FBA46F /* LaunchScreen.storyboard in Resources */ = {isa = PBXBuildFile; fileRef = 6BA600581F586A0F00FBA46F /* LaunchScreen.storyboard */; };
		6BA600651F586A0F00FBA46F /* LABTestUnitTests.m in Sources */ = {isa = PBXBuildFile; fileRef = 6BA600641F586A0F00FBA46F /* LABTestUnitTests.m */; };
		6BA600701F586A1000FBA46F /* LABTestUnitUITests.m in Sources */ = {isa = PBXBuildFile; fileRef = 6BA6006F1F586A1000FBA46F /* LABTestUnitUITests.m */; };
		6BF46D1E1FB759A00064D296 /* ProductService.m in Sources */ = {isa = PBXBuildFile; fileRef = 6BF46D1D1FB759A00064D296 /* ProductService.m */; };
		919C7B61679623014744155A /* libPods-LABTestUnitUITests.a in Frameworks */ = {isa = PBXBuildFile; fileRef = 6DE80CE2FE498321CA043248 /* libPods-LABTestUnitUITests.a */; };
/* End PBXBuildFile section */

/* Begin PBXContainerItemProxy section */
		6BA600611F586A0F00FBA46F /* PBXContainerItemProxy */ = {
			isa = PBXContainerItemProxy;
			containerPortal = 6BA6003F1F586A0F00FBA46F /* Project object */;
			proxyType = 1;
			remoteGlobalIDString = 6BA600461F586A0F00FBA46F;
			remoteInfo = LABTestUnit;
		};
		6BA6006C1F586A0F00FBA46F /* PBXContainerItemProxy */ = {
			isa = PBXContainerItemProxy;
			containerPortal = 6BA6003F1F586A0F00FBA46F /* Project object */;
			proxyType = 1;
			remoteGlobalIDString = 6BA600461F586A0F00FBA46F;
			remoteInfo = LABTestUnit;
		};
/* End PBXContainerItemProxy section */

/* Begin PBXFileReference section */
		15711C2553411656642041F9 /* Pods-LABTestUnit.debug.xcconfig */ = {isa = PBXFileReference; includeInIndex = 1; lastKnownFileType = text.xcconfig; name = "Pods-LABTestUnit.debug.xcconfig"; path = "Pods/Target Support Files/Pods-LABTestUnit/Pods-LABTestUnit.debug.xcconfig"; sourceTree = "<group>"; };
		38B48363E303B36B9F3B586E /* libPods-LABTestUnit.a */ = {isa = PBXFileReference; explicitFileType = archive.ar; includeInIndex = 0; path = "libPods-LABTestUnit.a"; sourceTree = BUILT_PRODUCTS_DIR; };
		6B52DEF11F5C5E9200555F61 /* CalculatoBusinessSpec.m */ = {isa = PBXFileReference; fileEncoding = 4; lastKnownFileType = sourcecode.c.objc; path = CalculatoBusinessSpec.m; sourceTree = "<group>"; };
		6B85FE0D1F5C5CD10045D979 /* CalculatorBusiness.h */ = {isa = PBXFileReference; fileEncoding = 4; lastKnownFileType = sourcecode.c.h; path = CalculatorBusiness.h; sourceTree = "<group>"; };
		6B85FE0E1F5C5CD10045D979 /* CalculatorBusiness.m */ = {isa = PBXFileReference; fileEncoding = 4; lastKnownFileType = sourcecode.c.objc; path = CalculatorBusiness.m; sourceTree = "<group>"; };
		6BA600471F586A0F00FBA46F /* LABTestUnit.app */ = {isa = PBXFileReference; explicitFileType = wrapper.application; includeInIndex = 0; path = LABTestUnit.app; sourceTree = BUILT_PRODUCTS_DIR; };
		6BA6004B1F586A0F00FBA46F /* main.m */ = {isa = PBXFileReference; lastKnownFileType = sourcecode.c.objc; path = main.m; sourceTree = "<group>"; };
		6BA6004D1F586A0F00FBA46F /* AppDelegate.h */ = {isa = PBXFileReference; lastKnownFileType = sourcecode.c.h; path = AppDelegate.h; sourceTree = "<group>"; };
		6BA6004E1F586A0F00FBA46F /* AppDelegate.m */ = {isa = PBXFileReference; lastKnownFileType = sourcecode.c.objc; path = AppDelegate.m; sourceTree = "<group>"; };
		6BA600501F586A0F00FBA46F /* ViewController.h */ = {isa = PBXFileReference; lastKnownFileType = sourcecode.c.h; path = ViewController.h; sourceTree = "<group>"; };
		6BA600511F586A0F00FBA46F /* ViewController.m */ = {isa = PBXFileReference; lastKnownFileType = sourcecode.c.objc; path = ViewController.m; sourceTree = "<group>"; };
		6BA600541F586A0F00FBA46F /* Base */ = {isa = PBXFileReference; lastKnownFileType = file.storyboard; name = Base; path = Base.lproj/Main.storyboard; sourceTree = "<group>"; };
		6BA600561F586A0F00FBA46F /* Assets.xcassets */ = {isa = PBXFileReference; lastKnownFileType = folder.assetcatalog; path = Assets.xcassets; sourceTree = "<group>"; };
		6BA600591F586A0F00FBA46F /* Base */ = {isa = PBXFileReference; lastKnownFileType = file.storyboard; name = Base; path = Base.lproj/LaunchScreen.storyboard; sourceTree = "<group>"; };
		6BA6005B1F586A0F00FBA46F /* Info.plist */ = {isa = PBXFileReference; lastKnownFileType = text.plist.xml; path = Info.plist; sourceTree = "<group>"; };
		6BA600601F586A0F00FBA46F /* LABTestUnitTests.xctest */ = {isa = PBXFileReference; explicitFileType = wrapper.cfbundle; includeInIndex = 0; path = LABTestUnitTests.xctest; sourceTree = BUILT_PRODUCTS_DIR; };
		6BA600641F586A0F00FBA46F /* LABTestUnitTests.m */ = {isa = PBXFileReference; lastKnownFileType = sourcecode.c.objc; path = LABTestUnitTests.m; sourceTree = "<group>"; };
		6BA600661F586A0F00FBA46F /* Info.plist */ = {isa = PBXFileReference; lastKnownFileType = text.plist.xml; path = Info.plist; sourceTree = "<group>"; };
		6BA6006B1F586A0F00FBA46F /* LABTestUnitUITests.xctest */ = {isa = PBXFileReference; explicitFileType = wrapper.cfbundle; includeInIndex = 0; path = LABTestUnitUITests.xctest; sourceTree = BUILT_PRODUCTS_DIR; };
		6BA6006F1F586A1000FBA46F /* LABTestUnitUITests.m */ = {isa = PBXFileReference; lastKnownFileType = sourcecode.c.objc; path = LABTestUnitUITests.m; sourceTree = "<group>"; };
		6BA600711F586A1000FBA46F /* Info.plist */ = {isa = PBXFileReference; lastKnownFileType = text.plist.xml; path = Info.plist; sourceTree = "<group>"; };
		6BF46D1C1FB759A00064D296 /* ProductService.h */ = {isa = PBXFileReference; fileEncoding = 4; lastKnownFileType = sourcecode.c.h; name = ProductService.h; path = Provider/ProductService.h; sourceTree = "<group>"; };
		6BF46D1D1FB759A00064D296 /* ProductService.m */ = {isa = PBXFileReference; fileEncoding = 4; lastKnownFileType = sourcecode.c.objc; name = ProductService.m; path = Provider/ProductService.m; sourceTree = "<group>"; };
		6DE80CE2FE498321CA043248 /* libPods-LABTestUnitUITests.a */ = {isa = PBXFileReference; explicitFileType = archive.ar; includeInIndex = 0; path = "libPods-LABTestUnitUITests.a"; sourceTree = BUILT_PRODUCTS_DIR; };
		797B52154E935F9BDBEEF083 /* Pods-LABTestUnitUITests.debug.xcconfig */ = {isa = PBXFileReference; includeInIndex = 1; lastKnownFileType = text.xcconfig; name = "Pods-LABTestUnitUITests.debug.xcconfig"; path = "Pods/Target Support Files/Pods-LABTestUnitUITests/Pods-LABTestUnitUITests.debug.xcconfig"; sourceTree = "<group>"; };
		93591CB1D9E4926389AF6A41 /* libPods-LABTestUnitTests.a */ = {isa = PBXFileReference; explicitFileType = archive.ar; includeInIndex = 0; path = "libPods-LABTestUnitTests.a"; sourceTree = BUILT_PRODUCTS_DIR; };
		9957F351CA6CDE5FFDD06117 /* Pods-LABTestUnit.release.xcconfig */ = {isa = PBXFileReference; includeInIndex = 1; lastKnownFileType = text.xcconfig; name = "Pods-LABTestUnit.release.xcconfig"; path = "Pods/Target Support Files/Pods-LABTestUnit/Pods-LABTestUnit.release.xcconfig"; sourceTree = "<group>"; };
		C0F07B710C057E1CF478C6E0 /* Pods-LABTestUnitTests.debug.xcconfig */ = {isa = PBXFileReference; includeInIndex = 1; lastKnownFileType = text.xcconfig; name = "Pods-LABTestUnitTests.debug.xcconfig"; path = "Pods/Target Support Files/Pods-LABTestUnitTests/Pods-LABTestUnitTests.debug.xcconfig"; sourceTree = "<group>"; };
		FDBA36C771994DF04770A902 /* Pods-LABTestUnitTests.release.xcconfig */ = {isa = PBXFileReference; includeInIndex = 1; lastKnownFileType = text.xcconfig; name = "Pods-LABTestUnitTests.release.xcconfig"; path = "Pods/Target Support Files/Pods-LABTestUnitTests/Pods-LABTestUnitTests.release.xcconfig"; sourceTree = "<group>"; };
		FDD116108326EED9D8B0F88C /* Pods-LABTestUnitUITests.release.xcconfig */ = {isa = PBXFileReference; includeInIndex = 1; lastKnownFileType = text.xcconfig; name = "Pods-LABTestUnitUITests.release.xcconfig"; path = "Pods/Target Support Files/Pods-LABTestUnitUITests/Pods-LABTestUnitUITests.release.xcconfig"; sourceTree = "<group>"; };
/* End PBXFileReference section */

/* Begin PBXFrameworksBuildPhase section */
		6BA600441F586A0F00FBA46F /* Frameworks */ = {
			isa = PBXFrameworksBuildPhase;
			buildActionMask = 2147483647;
			files = (
				3BD32C368020E6FAE997246F /* libPods-LABTestUnit.a in Frameworks */,
			);
			runOnlyForDeploymentPostprocessing = 0;
		};
		6BA6005D1F586A0F00FBA46F /* Frameworks */ = {
			isa = PBXFrameworksBuildPhase;
			buildActionMask = 2147483647;
			files = (
				0695EA51479D64A7FEBADB7D /* libPods-LABTestUnitTests.a in Frameworks */,
			);
			runOnlyForDeploymentPostprocessing = 0;
		};
		6BA600681F586A0F00FBA46F /* Frameworks */ = {
			isa = PBXFrameworksBuildPhase;
			buildActionMask = 2147483647;
			files = (
				919C7B61679623014744155A /* libPods-LABTestUnitUITests.a in Frameworks */,
			);
			runOnlyForDeploymentPostprocessing = 0;
		};
/* End PBXFrameworksBuildPhase section */

/* Begin PBXGroup section */
		5B90CED843223F155D7CEDB7 /* Frameworks */ = {
			isa = PBXGroup;
			children = (
				38B48363E303B36B9F3B586E /* libPods-LABTestUnit.a */,
				93591CB1D9E4926389AF6A41 /* libPods-LABTestUnitTests.a */,
				6DE80CE2FE498321CA043248 /* libPods-LABTestUnitUITests.a */,
			);
			name = Frameworks;
			sourceTree = "<group>";
		};
		6042AAD3DFD451B5FF4C9B2C /* Pods */ = {
			isa = PBXGroup;
			children = (
				15711C2553411656642041F9 /* Pods-LABTestUnit.debug.xcconfig */,
				9957F351CA6CDE5FFDD06117 /* Pods-LABTestUnit.release.xcconfig */,
				C0F07B710C057E1CF478C6E0 /* Pods-LABTestUnitTests.debug.xcconfig */,
				FDBA36C771994DF04770A902 /* Pods-LABTestUnitTests.release.xcconfig */,
				797B52154E935F9BDBEEF083 /* Pods-LABTestUnitUITests.debug.xcconfig */,
				FDD116108326EED9D8B0F88C /* Pods-LABTestUnitUITests.release.xcconfig */,
			);
			name = Pods;
			sourceTree = "<group>";
		};
		6B85FE0C1F5C5C890045D979 /* Business */ = {
			isa = PBXGroup;
			children = (
				6BF46D1F1FB759AA0064D296 /* Product */,
				6BF46D191FB758D00064D296 /* Calculator */,
			);
			name = Business;
			sourceTree = "<group>";
		};
		6BA6003E1F586A0F00FBA46F = {
			isa = PBXGroup;
			children = (
				6BA600491F586A0F00FBA46F /* LABTestUnit */,
				6BA600631F586A0F00FBA46F /* LABTestUnitTests */,
				6BA6006E1F586A0F00FBA46F /* LABTestUnitUITests */,
				6BA600481F586A0F00FBA46F /* Products */,
				6042AAD3DFD451B5FF4C9B2C /* Pods */,
				5B90CED843223F155D7CEDB7 /* Frameworks */,
			);
			sourceTree = "<group>";
		};
		6BA600481F586A0F00FBA46F /* Products */ = {
			isa = PBXGroup;
			children = (
				6BA600471F586A0F00FBA46F /* LABTestUnit.app */,
				6BA600601F586A0F00FBA46F /* LABTestUnitTests.xctest */,
				6BA6006B1F586A0F00FBA46F /* LABTestUnitUITests.xctest */,
			);
			name = Products;
			sourceTree = "<group>";
		};
		6BA600491F586A0F00FBA46F /* LABTestUnit */ = {
			isa = PBXGroup;
			children = (
				6BF46D1B1FB7594F0064D296 /* Provider */,
				6B85FE0C1F5C5C890045D979 /* Business */,
				6BA6004D1F586A0F00FBA46F /* AppDelegate.h */,
				6BA6004E1F586A0F00FBA46F /* AppDelegate.m */,
				6BA600501F586A0F00FBA46F /* ViewController.h */,
				6BA600511F586A0F00FBA46F /* ViewController.m */,
				6BA600531F586A0F00FBA46F /* Main.storyboard */,
				6BA600561F586A0F00FBA46F /* Assets.xcassets */,
				6BA600581F586A0F00FBA46F /* LaunchScreen.storyboard */,
				6BA6005B1F586A0F00FBA46F /* Info.plist */,
				6BA6004A1F586A0F00FBA46F /* Supporting Files */,
			);
			path = LABTestUnit;
			sourceTree = "<group>";
		};
		6BA6004A1F586A0F00FBA46F /* Supporting Files */ = {
			isa = PBXGroup;
			children = (
				6BA6004B1F586A0F00FBA46F /* main.m */,
			);
			name = "Supporting Files";
			sourceTree = "<group>";
		};
		6BA600631F586A0F00FBA46F /* LABTestUnitTests */ = {
			isa = PBXGroup;
			children = (
				6BA600641F586A0F00FBA46F /* LABTestUnitTests.m */,
				6BA600661F586A0F00FBA46F /* Info.plist */,
				6B52DEF11F5C5E9200555F61 /* CalculatoBusinessSpec.m */,
			);
			path = LABTestUnitTests;
			sourceTree = "<group>";
		};
		6BA6006E1F586A0F00FBA46F /* LABTestUnitUITests */ = {
			isa = PBXGroup;
			children = (
				6BA6006F1F586A1000FBA46F /* LABTestUnitUITests.m */,
				6BA600711F586A1000FBA46F /* Info.plist */,
			);
			path = LABTestUnitUITests;
			sourceTree = "<group>";
		};
		6BF46D191FB758D00064D296 /* Calculator */ = {
			isa = PBXGroup;
			children = (
				6B85FE0D1F5C5CD10045D979 /* CalculatorBusiness.h */,
				6B85FE0E1F5C5CD10045D979 /* CalculatorBusiness.m */,
			);
			name = Calculator;
			sourceTree = "<group>";
		};
		6BF46D1B1FB7594F0064D296 /* Provider */ = {
			isa = PBXGroup;
			children = (
				6BF46D1C1FB759A00064D296 /* ProductService.h */,
				6BF46D1D1FB759A00064D296 /* ProductService.m */,
			);
			name = Provider;
			sourceTree = "<group>";
		};
		6BF46D1F1FB759AA0064D296 /* Product */ = {
			isa = PBXGroup;
			children = (
			);
			name = Product;
			sourceTree = "<group>";
		};
/* End PBXGroup section */

/* Begin PBXNativeTarget section */
		6BA600461F586A0F00FBA46F /* LABTestUnit */ = {
			isa = PBXNativeTarget;
			buildConfigurationList = 6BA600741F586A1100FBA46F /* Build configuration list for PBXNativeTarget "LABTestUnit" */;
			buildPhases = (
				3D2C33C34C81F1B9EF7C999D /* [CP] Check Pods Manifest.lock */,
				6BA600431F586A0F00FBA46F /* Sources */,
				6BA600441F586A0F00FBA46F /* Frameworks */,
				6BA600451F586A0F00FBA46F /* Resources */,
				E651C65D1BEFF62FF8431E18 /* [CP] Embed Pods Frameworks */,
				79AB074FADE5EE63A96B154D /* [CP] Copy Pods Resources */,
			);
			buildRules = (
			);
			dependencies = (
			);
			name = LABTestUnit;
			productName = LABTestUnit;
			productReference = 6BA600471F586A0F00FBA46F /* LABTestUnit.app */;
			productType = "com.apple.product-type.application";
		};
		6BA6005F1F586A0F00FBA46F /* LABTestUnitTests */ = {
			isa = PBXNativeTarget;
			buildConfigurationList = 6BA600771F586A1100FBA46F /* Build configuration list for PBXNativeTarget "LABTestUnitTests" */;
			buildPhases = (
				64E3BAACFA2DFB91DEF51C63 /* [CP] Check Pods Manifest.lock */,
				6BA6005C1F586A0F00FBA46F /* Sources */,
				6BA6005D1F586A0F00FBA46F /* Frameworks */,
				6BA6005E1F586A0F00FBA46F /* Resources */,
				D7E0681F6A40A1AE93383B3E /* [CP] Embed Pods Frameworks */,
				CBCC772F748F7438CEC5C5EB /* [CP] Copy Pods Resources */,
			);
			buildRules = (
			);
			dependencies = (
				6BA600621F586A0F00FBA46F /* PBXTargetDependency */,
			);
			name = LABTestUnitTests;
			productName = LABTestUnitTests;
			productReference = 6BA600601F586A0F00FBA46F /* LABTestUnitTests.xctest */;
			productType = "com.apple.product-type.bundle.unit-test";
		};
		6BA6006A1F586A0F00FBA46F /* LABTestUnitUITests */ = {
			isa = PBXNativeTarget;
			buildConfigurationList = 6BA6007A1F586A1100FBA46F /* Build configuration list for PBXNativeTarget "LABTestUnitUITests" */;
			buildPhases = (
				6A9263B0E4E724CE90F343D4 /* [CP] Check Pods Manifest.lock */,
				6BA600671F586A0F00FBA46F /* Sources */,
				6BA600681F586A0F00FBA46F /* Frameworks */,
				6BA600691F586A0F00FBA46F /* Resources */,
				9182DD6AD5B1F4A0D69031F0 /* [CP] Embed Pods Frameworks */,
				98A9B491C1B3A000534DD649 /* [CP] Copy Pods Resources */,
			);
			buildRules = (
			);
			dependencies = (
				6BA6006D1F586A0F00FBA46F /* PBXTargetDependency */,
			);
			name = LABTestUnitUITests;
			productName = LABTestUnitUITests;
			productReference = 6BA6006B1F586A0F00FBA46F /* LABTestUnitUITests.xctest */;
			productType = "com.apple.product-type.bundle.ui-testing";
		};
/* End PBXNativeTarget section */

/* Begin PBXProject section */
		6BA6003F1F586A0F00FBA46F /* Project object */ = {
			isa = PBXProject;
			attributes = {
				LastUpgradeCheck = 0830;
				ORGANIZATIONNAME = "Bruno Medeiros Rafael";
				TargetAttributes = {
					6BA600461F586A0F00FBA46F = {
						CreatedOnToolsVersion = 8.3.3;
						ProvisioningStyle = Automatic;
					};
					6BA6005F1F586A0F00FBA46F = {
						CreatedOnToolsVersion = 8.3.3;
						ProvisioningStyle = Automatic;
						TestTargetID = 6BA600461F586A0F00FBA46F;
					};
					6BA6006A1F586A0F00FBA46F = {
						CreatedOnToolsVersion = 8.3.3;
						ProvisioningStyle = Automatic;
						TestTargetID = 6BA600461F586A0F00FBA46F;
					};
				};
			};
			buildConfigurationList = 6BA600421F586A0F00FBA46F /* Build configuration list for PBXProject "LABTestUnit" */;
			compatibilityVersion = "Xcode 3.2";
			developmentRegion = English;
			hasScannedForEncodings = 0;
			knownRegions = (
				en,
				Base,
			);
			mainGroup = 6BA6003E1F586A0F00FBA46F;
			productRefGroup = 6BA600481F586A0F00FBA46F /* Products */;
			projectDirPath = "";
			projectRoot = "";
			targets = (
				6BA600461F586A0F00FBA46F /* LABTestUnit */,
				6BA6005F1F586A0F00FBA46F /* LABTestUnitTests */,
				6BA6006A1F586A0F00FBA46F /* LABTestUnitUITests */,
			);
		};
/* End PBXProject section */

/* Begin PBXResourcesBuildPhase section */
		6BA600451F586A0F00FBA46F /* Resources */ = {
			isa = PBXResourcesBuildPhase;
			buildActionMask = 2147483647;
			files = (
				6BA6005A1F586A0F00FBA46F /* LaunchScreen.storyboard in Resources */,
				6BA600571F586A0F00FBA46F /* Assets.xcassets in Resources */,
				6BA600551F586A0F00FBA46F /* Main.storyboard in Resources */,
			);
			runOnlyForDeploymentPostprocessing = 0;
		};
		6BA6005E1F586A0F00FBA46F /* Resources */ = {
			isa = PBXResourcesBuildPhase;
			buildActionMask = 2147483647;
			files = (
			);
			runOnlyForDeploymentPostprocessing = 0;
		};
		6BA600691F586A0F00FBA46F /* Resources */ = {
			isa = PBXResourcesBuildPhase;
			buildActionMask = 2147483647;
			files = (
			);
			runOnlyForDeploymentPostprocessing = 0;
		};
/* End PBXResourcesBuildPhase section */

/* Begin PBXShellScriptBuildPhase section */
		3D2C33C34C81F1B9EF7C999D /* [CP] Check Pods Manifest.lock */ = {
			isa = PBXShellScriptBuildPhase;
			buildActionMask = 2147483647;
			files = (
			);
			inputPaths = (
			);
			name = "[CP] Check Pods Manifest.lock";
			outputPaths = (
			);
			runOnlyForDeploymentPostprocessing = 0;
			shellPath = /bin/sh;
			shellScript = "diff \"${PODS_PODFILE_DIR_PATH}/Podfile.lock\" \"${PODS_ROOT}/Manifest.lock\" > /dev/null\nif [ $? != 0 ] ; then\n    # print error to STDERR\n    echo \"error: The sandbox is not in sync with the Podfile.lock. Run 'pod install' or update your CocoaPods installation.\" >&2\n    exit 1\nfi\n";
			showEnvVarsInLog = 0;
		};
		64E3BAACFA2DFB91DEF51C63 /* [CP] Check Pods Manifest.lock */ = {
			isa = PBXShellScriptBuildPhase;
			buildActionMask = 2147483647;
			files = (
			);
			inputPaths = (
			);
			name = "[CP] Check Pods Manifest.lock";
			outputPaths = (
			);
			runOnlyForDeploymentPostprocessing = 0;
			shellPath = /bin/sh;
			shellScript = "diff \"${PODS_PODFILE_DIR_PATH}/Podfile.lock\" \"${PODS_ROOT}/Manifest.lock\" > /dev/null\nif [ $? != 0 ] ; then\n    # print error to STDERR\n    echo \"error: The sandbox is not in sync with the Podfile.lock. Run 'pod install' or update your CocoaPods installation.\" >&2\n    exit 1\nfi\n";
			showEnvVarsInLog = 0;
		};
		6A9263B0E4E724CE90F343D4 /* [CP] Check Pods Manifest.lock */ = {
			isa = PBXShellScriptBuildPhase;
			buildActionMask = 2147483647;
			files = (
			);
			inputPaths = (
			);
			name = "[CP] Check Pods Manifest.lock";
			outputPaths = (
			);
			runOnlyForDeploymentPostprocessing = 0;
			shellPath = /bin/sh;
			shellScript = "diff \"${PODS_PODFILE_DIR_PATH}/Podfile.lock\" \"${PODS_ROOT}/Manifest.lock\" > /dev/null\nif [ $? != 0 ] ; then\n    # print error to STDERR\n    echo \"error: The sandbox is not in sync with the Podfile.lock. Run 'pod install' or update your CocoaPods installation.\" >&2\n    exit 1\nfi\n";
			showEnvVarsInLog = 0;
		};
		79AB074FADE5EE63A96B154D /* [CP] Copy Pods Resources */ = {
			isa = PBXShellScriptBuildPhase;
			buildActionMask = 2147483647;
			files = (
			);
			inputPaths = (
			);
			name = "[CP] Copy Pods Resources";
			outputPaths = (
			);
			runOnlyForDeploymentPostprocessing = 0;
			shellPath = /bin/sh;
			shellScript = "\"${SRCROOT}/Pods/Target Support Files/Pods-LABTestUnit/Pods-LABTestUnit-resources.sh\"\n";
			showEnvVarsInLog = 0;
		};
		9182DD6AD5B1F4A0D69031F0 /* [CP] Embed Pods Frameworks */ = {
			isa = PBXShellScriptBuildPhase;
			buildActionMask = 2147483647;
			files = (
			);
			inputPaths = (
			);
			name = "[CP] Embed Pods Frameworks";
			outputPaths = (
			);
			runOnlyForDeploymentPostprocessing = 0;
			shellPath = /bin/sh;
			shellScript = "\"${SRCROOT}/Pods/Target Support Files/Pods-LABTestUnitUITests/Pods-LABTestUnitUITests-frameworks.sh\"\n";
			showEnvVarsInLog = 0;
		};
		98A9B491C1B3A000534DD649 /* [CP] Copy Pods Resources */ = {
			isa = PBXShellScriptBuildPhase;
			buildActionMask = 2147483647;
			files = (
			);
			inputPaths = (
			);
			name = "[CP] Copy Pods Resources";
			outputPaths = (
			);
			runOnlyForDeploymentPostprocessing = 0;
			shellPath = /bin/sh;
			shellScript = "\"${SRCROOT}/Pods/Target Support Files/Pods-LABTestUnitUITests/Pods-LABTestUnitUITests-resources.sh\"\n";
			showEnvVarsInLog = 0;
		};
		CBCC772F748F7438CEC5C5EB /* [CP] Copy Pods Resources */ = {
			isa = PBXShellScriptBuildPhase;
			buildActionMask = 2147483647;
			files = (
			);
			inputPaths = (
			);
			name = "[CP] Copy Pods Resources";
			outputPaths = (
			);
			runOnlyForDeploymentPostprocessing = 0;
			shellPath = /bin/sh;
			shellScript = "\"${SRCROOT}/Pods/Target Support Files/Pods-LABTestUnitTests/Pods-LABTestUnitTests-resources.sh\"\n";
			showEnvVarsInLog = 0;
		};
		D7E0681F6A40A1AE93383B3E /* [CP] Embed Pods Frameworks */ = {
			isa = PBXShellScriptBuildPhase;
			buildActionMask = 2147483647;
			files = (
			);
			inputPaths = (
			);
			name = "[CP] Embed Pods Frameworks";
			outputPaths = (
			);
			runOnlyForDeploymentPostprocessing = 0;
			shellPath = /bin/sh;
			shellScript = "\"${SRCROOT}/Pods/Target Support Files/Pods-LABTestUnitTests/Pods-LABTestUnitTests-frameworks.sh\"\n";
			showEnvVarsInLog = 0;
		};
		E651C65D1BEFF62FF8431E18 /* [CP] Embed Pods Frameworks */ = {
			isa = PBXShellScriptBuildPhase;
			buildActionMask = 2147483647;
			files = (
			);
			inputPaths = (
			);
			name = "[CP] Embed Pods Frameworks";
			outputPaths = (
			);
			runOnlyForDeploymentPostprocessing = 0;
			shellPath = /bin/sh;
			shellScript = "\"${SRCROOT}/Pods/Target Support Files/Pods-LABTestUnit/Pods-LABTestUnit-frameworks.sh\"\n";
			showEnvVarsInLog = 0;
		};
/* End PBXShellScriptBuildPhase section */

/* Begin PBXSourcesBuildPhase section */
		6BA600431F586A0F00FBA46F /* Sources */ = {
			isa = PBXSourcesBuildPhase;
			buildActionMask = 2147483647;
			files = (
				6BA600521F586A0F00FBA46F /* ViewController.m in Sources */,
				6BF46D1E1FB759A00064D296 /* ProductService.m in Sources */,
				6B85FE0F1F5C5CD10045D979 /* CalculatorBusiness.m in Sources */,
				6BA6004F1F586A0F00FBA46F /* AppDelegate.m in Sources */,
				6BA6004C1F586A0F00FBA46F /* main.m in Sources */,
			);
			runOnlyForDeploymentPostprocessing = 0;
		};
		6BA6005C1F586A0F00FBA46F /* Sources */ = {
			isa = PBXSourcesBuildPhase;
			buildActionMask = 2147483647;
			files = (
				6BA600651F586A0F00FBA46F /* LABTestUnitTests.m in Sources */,
				6B52DEF21F5C5E9200555F61 /* CalculatoBusinessSpec.m in Sources */,
			);
			runOnlyForDeploymentPostprocessing = 0;
		};
		6BA600671F586A0F00FBA46F /* Sources */ = {
			isa = PBXSourcesBuildPhase;
			buildActionMask = 2147483647;
			files = (
				6BA600701F586A1000FBA46F /* LABTestUnitUITests.m in Sources */,
			);
			runOnlyForDeploymentPostprocessing = 0;
		};
/* End PBXSourcesBuildPhase section */

/* Begin PBXTargetDependency section */
		6BA600621F586A0F00FBA46F /* PBXTargetDependency */ = {
			isa = PBXTargetDependency;
			target = 6BA600461F586A0F00FBA46F /* LABTestUnit */;
			targetProxy = 6BA600611F586A0F00FBA46F /* PBXContainerItemProxy */;
		};
		6BA6006D1F586A0F00FBA46F /* PBXTargetDependency */ = {
			isa = PBXTargetDependency;
			target = 6BA600461F586A0F00FBA46F /* LABTestUnit */;
			targetProxy = 6BA6006C1F586A0F00FBA46F /* PBXContainerItemProxy */;
		};
/* End PBXTargetDependency section */

/* Begin PBXVariantGroup section */
		6BA600531F586A0F00FBA46F /* Main.storyboard */ = {
			isa = PBXVariantGroup;
			children = (
				6BA600541F586A0F00FBA46F /* Base */,
			);
			name = Main.storyboard;
			sourceTree = "<group>";
		};
		6BA600581F586A0F00FBA46F /* LaunchScreen.storyboard */ = {
			isa = PBXVariantGroup;
			children = (
				6BA600591F586A0F00FBA46F /* Base */,
			);
			name = LaunchScreen.storyboard;
			sourceTree = "<group>";
		};
/* End PBXVariantGroup section */

/* Begin XCBuildConfiguration section */
		6BA600721F586A1100FBA46F /* Debug */ = {
			isa = XCBuildConfiguration;
			buildSettings = {
				ALWAYS_SEARCH_USER_PATHS = NO;
				CLANG_ANALYZER_NONNULL = YES;
				CLANG_ANALYZER_NUMBER_OBJECT_CONVERSION = YES_AGGRESSIVE;
				CLANG_CXX_LANGUAGE_STANDARD = "gnu++0x";
				CLANG_CXX_LIBRARY = "libc++";
				CLANG_ENABLE_MODULES = YES;
				CLANG_ENABLE_OBJC_ARC = YES;
				CLANG_WARN_BOOL_CONVERSION = YES;
				CLANG_WARN_CONSTANT_CONVERSION = YES;
				CLANG_WARN_DIRECT_OBJC_ISA_USAGE = YES_ERROR;
				CLANG_WARN_DOCUMENTATION_COMMENTS = YES;
				CLANG_WARN_EMPTY_BODY = YES;
				CLANG_WARN_ENUM_CONVERSION = YES;
				CLANG_WARN_INFINITE_RECURSION = YES;
				CLANG_WARN_INT_CONVERSION = YES;
				CLANG_WARN_OBJC_ROOT_CLASS = YES_ERROR;
				CLANG_WARN_SUSPICIOUS_MOVE = YES;
				CLANG_WARN_UNREACHABLE_CODE = YES;
				CLANG_WARN__DUPLICATE_METHOD_MATCH = YES;
				"CODE_SIGN_IDENTITY[sdk=iphoneos*]" = "iPhone Developer";
				COPY_PHASE_STRIP = NO;
				DEBUG_INFORMATION_FORMAT = dwarf;
				ENABLE_STRICT_OBJC_MSGSEND = YES;
				ENABLE_TESTABILITY = YES;
				GCC_C_LANGUAGE_STANDARD = gnu99;
				GCC_DYNAMIC_NO_PIC = NO;
				GCC_NO_COMMON_BLOCKS = YES;
				GCC_OPTIMIZATION_LEVEL = 0;
				GCC_PREPROCESSOR_DEFINITIONS = (
					"DEBUG=1",
					"$(inherited)",
				);
				GCC_WARN_64_TO_32_BIT_CONVERSION = YES;
				GCC_WARN_ABOUT_RETURN_TYPE = YES_ERROR;
				GCC_WARN_UNDECLARED_SELECTOR = YES;
				GCC_WARN_UNINITIALIZED_AUTOS = YES_AGGRESSIVE;
				GCC_WARN_UNUSED_FUNCTION = YES;
				GCC_WARN_UNUSED_VARIABLE = YES;
				IPHONEOS_DEPLOYMENT_TARGET = 10.3;
				MTL_ENABLE_DEBUG_INFO = YES;
				ONLY_ACTIVE_ARCH = YES;
				SDKROOT = iphoneos;
				TARGETED_DEVICE_FAMILY = "1,2";
			};
			name = Debug;
		};
		6BA600731F586A1100FBA46F /* Release */ = {
			isa = XCBuildConfiguration;
			buildSettings = {
				ALWAYS_SEARCH_USER_PATHS = NO;
				CLANG_ANALYZER_NONNULL = YES;
				CLANG_ANALYZER_NUMBER_OBJECT_CONVERSION = YES_AGGRESSIVE;
				CLANG_CXX_LANGUAGE_STANDARD = "gnu++0x";
				CLANG_CXX_LIBRARY = "libc++";
				CLANG_ENABLE_MODULES = YES;
				CLANG_ENABLE_OBJC_ARC = YES;
				CLANG_WARN_BOOL_CONVERSION = YES;
				CLANG_WARN_CONSTANT_CONVERSION = YES;
				CLANG_WARN_DIRECT_OBJC_ISA_USAGE = YES_ERROR;
				CLANG_WARN_DOCUMENTATION_COMMENTS = YES;
				CLANG_WARN_EMPTY_BODY = YES;
				CLANG_WARN_ENUM_CONVERSION = YES;
				CLANG_WARN_INFINITE_RECURSION = YES;
				CLANG_WARN_INT_CONVERSION = YES;
				CLANG_WARN_OBJC_ROOT_CLASS = YES_ERROR;
				CLANG_WARN_SUSPICIOUS_MOVE = YES;
				CLANG_WARN_UNREACHABLE_CODE = YES;
				CLANG_WARN__DUPLICATE_METHOD_MATCH = YES;
				"CODE_SIGN_IDENTITY[sdk=iphoneos*]" = "iPhone Developer";
				COPY_PHASE_STRIP = NO;
				DEBUG_INFORMATION_FORMAT = "dwarf-with-dsym";
				ENABLE_NS_ASSERTIONS = NO;
				ENABLE_STRICT_OBJC_MSGSEND = YES;
				GCC_C_LANGUAGE_STANDARD = gnu99;
				GCC_NO_COMMON_BLOCKS = YES;
				GCC_WARN_64_TO_32_BIT_CONVERSION = YES;
				GCC_WARN_ABOUT_RETURN_TYPE = YES_ERROR;
				GCC_WARN_UNDECLARED_SELECTOR = YES;
				GCC_WARN_UNINITIALIZED_AUTOS = YES_AGGRESSIVE;
				GCC_WARN_UNUSED_FUNCTION = YES;
				GCC_WARN_UNUSED_VARIABLE = YES;
				IPHONEOS_DEPLOYMENT_TARGET = 10.3;
				MTL_ENABLE_DEBUG_INFO = NO;
				SDKROOT = iphoneos;
				TARGETED_DEVICE_FAMILY = "1,2";
				VALIDATE_PRODUCT = YES;
			};
			name = Release;
		};
		6BA600751F586A1100FBA46F /* Debug */ = {
			isa = XCBuildConfiguration;
			baseConfigurationReference = 15711C2553411656642041F9 /* Pods-LABTestUnit.debug.xcconfig */;
			buildSettings = {
				ASSETCATALOG_COMPILER_APPICON_NAME = AppIcon;
				INFOPLIST_FILE = LABTestUnit/Info.plist;
				LD_RUNPATH_SEARCH_PATHS = "$(inherited) @executable_path/Frameworks";
				PRODUCT_BUNDLE_IDENTIFIER = bmr.LABTestUnit;
				PRODUCT_NAME = "$(TARGET_NAME)";
			};
			name = Debug;
		};
		6BA600761F586A1100FBA46F /* Release */ = {
			isa = XCBuildConfiguration;
			baseConfigurationReference = 9957F351CA6CDE5FFDD06117 /* Pods-LABTestUnit.release.xcconfig */;
			buildSettings = {
				ASSETCATALOG_COMPILER_APPICON_NAME = AppIcon;
				INFOPLIST_FILE = LABTestUnit/Info.plist;
				LD_RUNPATH_SEARCH_PATHS = "$(inherited) @executable_path/Frameworks";
				PRODUCT_BUNDLE_IDENTIFIER = bmr.LABTestUnit;
				PRODUCT_NAME = "$(TARGET_NAME)";
			};
			name = Release;
		};
		6BA600781F586A1100FBA46F /* Debug */ = {
			isa = XCBuildConfiguration;
			baseConfigurationReference = C0F07B710C057E1CF478C6E0 /* Pods-LABTestUnitTests.debug.xcconfig */;
			buildSettings = {
				BUNDLE_LOADER = "$(TEST_HOST)";
				INFOPLIST_FILE = LABTestUnitTests/Info.plist;
				LD_RUNPATH_SEARCH_PATHS = "$(inherited) @executable_path/Frameworks @loader_path/Frameworks";
				PRODUCT_BUNDLE_IDENTIFIER = bmr.LABTestUnitTests;
				PRODUCT_NAME = "$(TARGET_NAME)";
				TEST_HOST = "$(BUILT_PRODUCTS_DIR)/LABTestUnit.app/LABTestUnit";
			};
			name = Debug;
		};
		6BA600791F586A1100FBA46F /* Release */ = {
			isa = XCBuildConfiguration;
			baseConfigurationReference = FDBA36C771994DF04770A902 /* Pods-LABTestUnitTests.release.xcconfig */;
			buildSettings = {
				BUNDLE_LOADER = "$(TEST_HOST)";
				INFOPLIST_FILE = LABTestUnitTests/Info.plist;
				LD_RUNPATH_SEARCH_PATHS = "$(inherited) @executable_path/Frameworks @loader_path/Frameworks";
				PRODUCT_BUNDLE_IDENTIFIER = bmr.LABTestUnitTests;
				PRODUCT_NAME = "$(TARGET_NAME)";
				TEST_HOST = "$(BUILT_PRODUCTS_DIR)/LABTestUnit.app/LABTestUnit";
			};
			name = Release;
		};
		6BA6007B1F586A1100FBA46F /* Debug */ = {
			isa = XCBuildConfiguration;
			baseConfigurationReference = 797B52154E935F9BDBEEF083 /* Pods-LABTestUnitUITests.debug.xcconfig */;
			buildSettings = {
				INFOPLIST_FILE = LABTestUnitUITests/Info.plist;
				LD_RUNPATH_SEARCH_PATHS = "$(inherited) @executable_path/Frameworks @loader_path/Frameworks";
				PRODUCT_BUNDLE_IDENTIFIER = bmr.LABTestUnitUITests;
				PRODUCT_NAME = "$(TARGET_NAME)";
				TEST_TARGET_NAME = LABTestUnit;
			};
			name = Debug;
		};
		6BA6007C1F586A1100FBA46F /* Release */ = {
			isa = XCBuildConfiguration;
			baseConfigurationReference = FDD116108326EED9D8B0F88C /* Pods-LABTestUnitUITests.release.xcconfig */;
			buildSettings = {
				INFOPLIST_FILE = LABTestUnitUITests/Info.plist;
				LD_RUNPATH_SEARCH_PATHS = "$(inherited) @executable_path/Frameworks @loader_path/Frameworks";
				PRODUCT_BUNDLE_IDENTIFIER = bmr.LABTestUnitUITests;
				PRODUCT_NAME = "$(TARGET_NAME)";
				TEST_TARGET_NAME = LABTestUnit;
			};
			name = Release;
		};
/* End XCBuildConfiguration section */

/* Begin XCConfigurationList section */
		6BA600421F586A0F00FBA46F /* Build configuration list for PBXProject "LABTestUnit" */ = {
			isa = XCConfigurationList;
			buildConfigurations = (
				6BA600721F586A1100FBA46F /* Debug */,
				6BA600731F586A1100FBA46F /* Release */,
			);
			defaultConfigurationIsVisible = 0;
			defaultConfigurationName = Release;
		};
		6BA600741F586A1100FBA46F /* Build configuration list for PBXNativeTarget "LABTestUnit" */ = {
			isa = XCConfigurationList;
			buildConfigurations = (
				6BA600751F586A1100FBA46F /* Debug */,
				6BA600761F586A1100FBA46F /* Release */,
			);
			defaultConfigurationIsVisible = 0;
			defaultConfigurationName = Release;
		};
		6BA600771F586A1100FBA46F /* Build configuration list for PBXNativeTarget "LABTestUnitTests" */ = {
			isa = XCConfigurationList;
			buildConfigurations = (
				6BA600781F586A1100FBA46F /* Debug */,
				6BA600791F586A1100FBA46F /* Release */,
			);
			defaultConfigurationIsVisible = 0;
			defaultConfigurationName = Release;
		};
		6BA6007A1F586A1100FBA46F /* Build configuration list for PBXNativeTarget "LABTestUnitUITests" */ = {
			isa = XCConfigurationList;
			buildConfigurations = (
				6BA6007B1F586A1100FBA46F /* Debug */,
				6BA6007C1F586A1100FBA46F /* Release */,
			);
			defaultConfigurationIsVisible = 0;
			defaultConfigurationName = Release;
		};
/* End XCConfigurationList section */
	};
	rootObject = 6BA6003F1F586A0F00FBA46F /* Project object */;
}
